// !$*UTF8*$!
{
	archiveVersion = 1;
	classes = {
	};
	objectVersion = 50;
	objects = {

/* Begin PBXBuildFile section */
		3255C9F02158A11C0069201F /* ItemStore.swift in Sources */ = {isa = PBXBuildFile; fileRef = 3255C9EF2158A11C0069201F /* ItemStore.swift */; };
		326E8822215860B90090C18C /* AppDelegate.swift in Sources */ = {isa = PBXBuildFile; fileRef = 326E8821215860B90090C18C /* AppDelegate.swift */; };
		326E8827215860B90090C18C /* Main.storyboard in Resources */ = {isa = PBXBuildFile; fileRef = 326E8825215860B90090C18C /* Main.storyboard */; };
		326E8829215860BA0090C18C /* Assets.xcassets in Resources */ = {isa = PBXBuildFile; fileRef = 326E8828215860BA0090C18C /* Assets.xcassets */; };
		326E882C215860BA0090C18C /* LaunchScreen.storyboard in Resources */ = {isa = PBXBuildFile; fileRef = 326E882A215860BA0090C18C /* LaunchScreen.storyboard */; };
		326E8837215860BA0090C18C /* HomepwnerTests.swift in Sources */ = {isa = PBXBuildFile; fileRef = 326E8836215860BA0090C18C /* HomepwnerTests.swift */; };
		326E8842215860BA0090C18C /* HomepwnerUITests.swift in Sources */ = {isa = PBXBuildFile; fileRef = 326E8841215860BA0090C18C /* HomepwnerUITests.swift */; };
		326E8850215863860090C18C /* ItemsViewController.swift in Sources */ = {isa = PBXBuildFile; fileRef = 326E884F215863860090C18C /* ItemsViewController.swift */; };
		326E8852215864DD0090C18C /* Item.swift in Sources */ = {isa = PBXBuildFile; fileRef = 326E8851215864DD0090C18C /* Item.swift */; };
		329031D721AC6E3500EA29E2 /* DateViewController.swift in Sources */ = {isa = PBXBuildFile; fileRef = 329031D621AC6E3500EA29E2 /* DateViewController.swift */; };
		329031D921AC8B7900EA29E2 /* ImageStore.swift in Sources */ = {isa = PBXBuildFile; fileRef = 329031D821AC8B7900EA29E2 /* ImageStore.swift */; };
		3298DA3A21A7C5EA00B9098A /* ItemCell.swift in Sources */ = {isa = PBXBuildFile; fileRef = 3298DA3921A7C5EA00B9098A /* ItemCell.swift */; };
		3298DA3C21A8ABFC00B9098A /* DetailViewController.swift in Sources */ = {isa = PBXBuildFile; fileRef = 3298DA3B21A8ABFC00B9098A /* DetailViewController.swift */; };
/* End PBXBuildFile section */

/* Begin PBXContainerItemProxy section */
		326E8833215860BA0090C18C /* PBXContainerItemProxy */ = {
			isa = PBXContainerItemProxy;
			containerPortal = 326E8816215860B90090C18C /* Project object */;
			proxyType = 1;
			remoteGlobalIDString = 326E881D215860B90090C18C;
			remoteInfo = Homepwner;
		};
		326E883E215860BA0090C18C /* PBXContainerItemProxy */ = {
			isa = PBXContainerItemProxy;
			containerPortal = 326E8816215860B90090C18C /* Project object */;
			proxyType = 1;
			remoteGlobalIDString = 326E881D215860B90090C18C;
			remoteInfo = Homepwner;
		};
/* End PBXContainerItemProxy section */

/* Begin PBXFileReference section */
		3255C9EF2158A11C0069201F /* ItemStore.swift */ = {isa = PBXFileReference; lastKnownFileType = sourcecode.swift; path = ItemStore.swift; sourceTree = "<group>"; };
		326E881E215860B90090C18C /* Homepwner.app */ = {isa = PBXFileReference; explicitFileType = wrapper.application; includeInIndex = 0; path = Homepwner.app; sourceTree = BUILT_PRODUCTS_DIR; };
		326E8821215860B90090C18C /* AppDelegate.swift */ = {isa = PBXFileReference; lastKnownFileType = sourcecode.swift; path = AppDelegate.swift; sourceTree = "<group>"; };
		326E8826215860B90090C18C /* Base */ = {isa = PBXFileReference; lastKnownFileType = file.storyboard; name = Base; path = Base.lproj/Main.storyboard; sourceTree = "<group>"; };
		326E8828215860BA0090C18C /* Assets.xcassets */ = {isa = PBXFileReference; lastKnownFileType = folder.assetcatalog; path = Assets.xcassets; sourceTree = "<group>"; };
		326E882B215860BA0090C18C /* Base */ = {isa = PBXFileReference; lastKnownFileType = file.storyboard; name = Base; path = Base.lproj/LaunchScreen.storyboard; sourceTree = "<group>"; };
		326E882D215860BA0090C18C /* Info.plist */ = {isa = PBXFileReference; lastKnownFileType = text.plist.xml; path = Info.plist; sourceTree = "<group>"; };
		326E8832215860BA0090C18C /* HomepwnerTests.xctest */ = {isa = PBXFileReference; explicitFileType = wrapper.cfbundle; includeInIndex = 0; path = HomepwnerTests.xctest; sourceTree = BUILT_PRODUCTS_DIR; };
		326E8836215860BA0090C18C /* HomepwnerTests.swift */ = {isa = PBXFileReference; lastKnownFileType = sourcecode.swift; path = HomepwnerTests.swift; sourceTree = "<group>"; };
		326E8838215860BA0090C18C /* Info.plist */ = {isa = PBXFileReference; lastKnownFileType = text.plist.xml; path = Info.plist; sourceTree = "<group>"; };
		326E883D215860BA0090C18C /* HomepwnerUITests.xctest */ = {isa = PBXFileReference; explicitFileType = wrapper.cfbundle; includeInIndex = 0; path = HomepwnerUITests.xctest; sourceTree = BUILT_PRODUCTS_DIR; };
		326E8841215860BA0090C18C /* HomepwnerUITests.swift */ = {isa = PBXFileReference; lastKnownFileType = sourcecode.swift; path = HomepwnerUITests.swift; sourceTree = "<group>"; };
		326E8843215860BA0090C18C /* Info.plist */ = {isa = PBXFileReference; lastKnownFileType = text.plist.xml; path = Info.plist; sourceTree = "<group>"; };
		326E884F215863860090C18C /* ItemsViewController.swift */ = {isa = PBXFileReference; lastKnownFileType = sourcecode.swift; path = ItemsViewController.swift; sourceTree = "<group>"; };
		326E8851215864DD0090C18C /* Item.swift */ = {isa = PBXFileReference; lastKnownFileType = sourcecode.swift; path = Item.swift; sourceTree = "<group>"; };
		329031D621AC6E3500EA29E2 /* DateViewController.swift */ = {isa = PBXFileReference; lastKnownFileType = sourcecode.swift; path = DateViewController.swift; sourceTree = "<group>"; };
		329031D821AC8B7900EA29E2 /* ImageStore.swift */ = {isa = PBXFileReference; lastKnownFileType = sourcecode.swift; path = ImageStore.swift; sourceTree = "<group>"; };
		3298DA3921A7C5EA00B9098A /* ItemCell.swift */ = {isa = PBXFileReference; lastKnownFileType = sourcecode.swift; path = ItemCell.swift; sourceTree = "<group>"; };
		3298DA3B21A8ABFC00B9098A /* DetailViewController.swift */ = {isa = PBXFileReference; lastKnownFileType = sourcecode.swift; path = DetailViewController.swift; sourceTree = "<group>"; };
/* End PBXFileReference section */

/* Begin PBXFrameworksBuildPhase section */
		326E881B215860B90090C18C /* Frameworks */ = {
			isa = PBXFrameworksBuildPhase;
			buildActionMask = 2147483647;
			files = (
			);
			runOnlyForDeploymentPostprocessing = 0;
		};
		326E882F215860BA0090C18C /* Frameworks */ = {
			isa = PBXFrameworksBuildPhase;
			buildActionMask = 2147483647;
			files = (
			);
			runOnlyForDeploymentPostprocessing = 0;
		};
		326E883A215860BA0090C18C /* Frameworks */ = {
			isa = PBXFrameworksBuildPhase;
			buildActionMask = 2147483647;
			files = (
			);
			runOnlyForDeploymentPostprocessing = 0;
		};
/* End PBXFrameworksBuildPhase section */

/* Begin PBXGroup section */
		326E8815215860B90090C18C = {
			isa = PBXGroup;
			children = (
				326E8820215860B90090C18C /* Homepwner */,
				326E8835215860BA0090C18C /* HomepwnerTests */,
				326E8840215860BA0090C18C /* HomepwnerUITests */,
				326E881F215860B90090C18C /* Products */,
			);
			sourceTree = "<group>";
		};
		326E881F215860B90090C18C /* Products */ = {
			isa = PBXGroup;
			children = (
				326E881E215860B90090C18C /* Homepwner.app */,
				326E8832215860BA0090C18C /* HomepwnerTests.xctest */,
				326E883D215860BA0090C18C /* HomepwnerUITests.xctest */,
			);
			name = Products;
			sourceTree = "<group>";
		};
		326E8820215860B90090C18C /* Homepwner */ = {
			isa = PBXGroup;
			children = (
				326E8821215860B90090C18C /* AppDelegate.swift */,
				326E884F215863860090C18C /* ItemsViewController.swift */,
				3298DA3921A7C5EA00B9098A /* ItemCell.swift */,
				326E8851215864DD0090C18C /* Item.swift */,
				326E8825215860B90090C18C /* Main.storyboard */,
				329031D821AC8B7900EA29E2 /* ImageStore.swift */,
				329031D621AC6E3500EA29E2 /* DateViewController.swift */,
				3298DA3B21A8ABFC00B9098A /* DetailViewController.swift */,
				3255C9EF2158A11C0069201F /* ItemStore.swift */,
				326E8828215860BA0090C18C /* Assets.xcassets */,
				326E882A215860BA0090C18C /* LaunchScreen.storyboard */,
				326E882D215860BA0090C18C /* Info.plist */,
			);
			path = Homepwner;
			sourceTree = "<group>";
		};
		326E8835215860BA0090C18C /* HomepwnerTests */ = {
			isa = PBXGroup;
			children = (
				326E8836215860BA0090C18C /* HomepwnerTests.swift */,
				326E8838215860BA0090C18C /* Info.plist */,
			);
			path = HomepwnerTests;
			sourceTree = "<group>";
		};
		326E8840215860BA0090C18C /* HomepwnerUITests */ = {
			isa = PBXGroup;
			children = (
				326E8841215860BA0090C18C /* HomepwnerUITests.swift */,
				326E8843215860BA0090C18C /* Info.plist */,
			);
			path = HomepwnerUITests;
			sourceTree = "<group>";
		};
/* End PBXGroup section */

/* Begin PBXNativeTarget section */
		326E881D215860B90090C18C /* Homepwner */ = {
			isa = PBXNativeTarget;
			buildConfigurationList = 326E8846215860BA0090C18C /* Build configuration list for PBXNativeTarget "Homepwner" */;
			buildPhases = (
				326E881A215860B90090C18C /* Sources */,
				326E881B215860B90090C18C /* Frameworks */,
				326E881C215860B90090C18C /* Resources */,
			);
			buildRules = (
			);
			dependencies = (
			);
			name = Homepwner;
			productName = Homepwner;
			productReference = 326E881E215860B90090C18C /* Homepwner.app */;
			productType = "com.apple.product-type.application";
		};
		326E8831215860BA0090C18C /* HomepwnerTests */ = {
			isa = PBXNativeTarget;
			buildConfigurationList = 326E8849215860BA0090C18C /* Build configuration list for PBXNativeTarget "HomepwnerTests" */;
			buildPhases = (
				326E882E215860BA0090C18C /* Sources */,
				326E882F215860BA0090C18C /* Frameworks */,
				326E8830215860BA0090C18C /* Resources */,
			);
			buildRules = (
			);
			dependencies = (
				326E8834215860BA0090C18C /* PBXTargetDependency */,
			);
			name = HomepwnerTests;
			productName = HomepwnerTests;
			productReference = 326E8832215860BA0090C18C /* HomepwnerTests.xctest */;
			productType = "com.apple.product-type.bundle.unit-test";
		};
		326E883C215860BA0090C18C /* HomepwnerUITests */ = {
			isa = PBXNativeTarget;
			buildConfigurationList = 326E884C215860BA0090C18C /* Build configuration list for PBXNativeTarget "HomepwnerUITests" */;
			buildPhases = (
				326E8839215860BA0090C18C /* Sources */,
				326E883A215860BA0090C18C /* Frameworks */,
				326E883B215860BA0090C18C /* Resources */,
			);
			buildRules = (
			);
			dependencies = (
				326E883F215860BA0090C18C /* PBXTargetDependency */,
			);
			name = HomepwnerUITests;
			productName = HomepwnerUITests;
			productReference = 326E883D215860BA0090C18C /* HomepwnerUITests.xctest */;
			productType = "com.apple.product-type.bundle.ui-testing";
		};
/* End PBXNativeTarget section */

/* Begin PBXProject section */
		326E8816215860B90090C18C /* Project object */ = {
			isa = PBXProject;
			attributes = {
				LastSwiftUpdateCheck = 0940;
				LastUpgradeCheck = 0940;
				ORGANIZATIONNAME = SB;
				TargetAttributes = {
					326E881D215860B90090C18C = {
						CreatedOnToolsVersion = 9.4.1;
						LastSwiftMigration = 1020;
					};
					326E8831215860BA0090C18C = {
						CreatedOnToolsVersion = 9.4.1;
						LastSwiftMigration = 1020;
						TestTargetID = 326E881D215860B90090C18C;
					};
					326E883C215860BA0090C18C = {
						CreatedOnToolsVersion = 9.4.1;
						LastSwiftMigration = 1020;
						TestTargetID = 326E881D215860B90090C18C;
					};
				};
			};
			buildConfigurationList = 326E8819215860B90090C18C /* Build configuration list for PBXProject "Homepwner" */;
			compatibilityVersion = "Xcode 9.3";
			developmentRegion = en;
			hasScannedForEncodings = 0;
			knownRegions = (
				en,
				Base,
			);
			mainGroup = 326E8815215860B90090C18C;
			productRefGroup = 326E881F215860B90090C18C /* Products */;
			projectDirPath = "";
			projectRoot = "";
			targets = (
				326E881D215860B90090C18C /* Homepwner */,
				326E8831215860BA0090C18C /* HomepwnerTests */,
				326E883C215860BA0090C18C /* HomepwnerUITests */,
			);
		};
/* End PBXProject section */

/* Begin PBXResourcesBuildPhase section */
		326E881C215860B90090C18C /* Resources */ = {
			isa = PBXResourcesBuildPhase;
			buildActionMask = 2147483647;
			files = (
				326E882C215860BA0090C18C /* LaunchScreen.storyboard in Resources */,
				326E8829215860BA0090C18C /* Assets.xcassets in Resources */,
				326E8827215860B90090C18C /* Main.storyboard in Resources */,
			);
			runOnlyForDeploymentPostprocessing = 0;
		};
		326E8830215860BA0090C18C /* Resources */ = {
			isa = PBXResourcesBuildPhase;
			buildActionMask = 2147483647;
			files = (
			);
			runOnlyForDeploymentPostprocessing = 0;
		};
		326E883B215860BA0090C18C /* Resources */ = {
			isa = PBXResourcesBuildPhase;
			buildActionMask = 2147483647;
			files = (
			);
			runOnlyForDeploymentPostprocessing = 0;
		};
/* End PBXResourcesBuildPhase section */

/* Begin PBXSourcesBuildPhase section */
		326E881A215860B90090C18C /* Sources */ = {
			isa = PBXSourcesBuildPhase;
			buildActionMask = 2147483647;
			files = (
				326E8850215863860090C18C /* ItemsViewController.swift in Sources */,
				326E8852215864DD0090C18C /* Item.swift in Sources */,
				329031D721AC6E3500EA29E2 /* DateViewController.swift in Sources */,
				329031D921AC8B7900EA29E2 /* ImageStore.swift in Sources */,
				3255C9F02158A11C0069201F /* ItemStore.swift in Sources */,
				3298DA3C21A8ABFC00B9098A /* DetailViewController.swift in Sources */,
				326E8822215860B90090C18C /* AppDelegate.swift in Sources */,
				3298DA3A21A7C5EA00B9098A /* ItemCell.swift in Sources */,
			);
			runOnlyForDeploymentPostprocessing = 0;
		};
		326E882E215860BA0090C18C /* Sources */ = {
			isa = PBXSourcesBuildPhase;
			buildActionMask = 2147483647;
			files = (
				326E8837215860BA0090C18C /* HomepwnerTests.swift in Sources */,
			);
			runOnlyForDeploymentPostprocessing = 0;
		};
		326E8839215860BA0090C18C /* Sources */ = {
			isa = PBXSourcesBuildPhase;
			buildActionMask = 2147483647;
			files = (
				326E8842215860BA0090C18C /* HomepwnerUITests.swift in Sources */,
			);
			runOnlyForDeploymentPostprocessing = 0;
		};
/* End PBXSourcesBuildPhase section */

/* Begin PBXTargetDependency section */
		326E8834215860BA0090C18C /* PBXTargetDependency */ = {
			isa = PBXTargetDependency;
			target = 326E881D215860B90090C18C /* Homepwner */;
			targetProxy = 326E8833215860BA0090C18C /* PBXContainerItemProxy */;
		};
		326E883F215860BA0090C18C /* PBXTargetDependency */ = {
			isa = PBXTargetDependency;
			target = 326E881D215860B90090C18C /* Homepwner */;
			targetProxy = 326E883E215860BA0090C18C /* PBXContainerItemProxy */;
		};
/* End PBXTargetDependency section */

/* Begin PBXVariantGroup section */
		326E8825215860B90090C18C /* Main.storyboard */ = {
			isa = PBXVariantGroup;
			children = (
				326E8826215860B90090C18C /* Base */,
			);
			name = Main.storyboard;
			sourceTree = "<group>";
		};
		326E882A215860BA0090C18C /* LaunchScreen.storyboard */ = {
			isa = PBXVariantGroup;
			children = (
				326E882B215860BA0090C18C /* Base */,
			);
			name = LaunchScreen.storyboard;
			sourceTree = "<group>";
		};
/* End PBXVariantGroup section */

/* Begin XCBuildConfiguration section */
		326E8844215860BA0090C18C /* Debug */ = {
			isa = XCBuildConfiguration;
			buildSettings = {
				ALWAYS_SEARCH_USER_PATHS = NO;
				CLANG_ANALYZER_NONNULL = YES;
				CLANG_ANALYZER_NUMBER_OBJECT_CONVERSION = YES_AGGRESSIVE;
				CLANG_CXX_LANGUAGE_STANDARD = "gnu++14";
				CLANG_CXX_LIBRARY = "libc++";
				CLANG_ENABLE_MODULES = YES;
				CLANG_ENABLE_OBJC_ARC = YES;
				CLANG_ENABLE_OBJC_WEAK = YES;
				CLANG_WARN_BLOCK_CAPTURE_AUTORELEASING = YES;
				CLANG_WARN_BOOL_CONVERSION = YES;
				CLANG_WARN_COMMA = YES;
				CLANG_WARN_CONSTANT_CONVERSION = YES;
				CLANG_WARN_DEPRECATED_OBJC_IMPLEMENTATIONS = YES;
				CLANG_WARN_DIRECT_OBJC_ISA_USAGE = YES_ERROR;
				CLANG_WARN_DOCUMENTATION_COMMENTS = YES;
				CLANG_WARN_EMPTY_BODY = YES;
				CLANG_WARN_ENUM_CONVERSION = YES;
				CLANG_WARN_INFINITE_RECURSION = YES;
				CLANG_WARN_INT_CONVERSION = YES;
				CLANG_WARN_NON_LITERAL_NULL_CONVERSION = YES;
				CLANG_WARN_OBJC_IMPLICIT_RETAIN_SELF = YES;
				CLANG_WARN_OBJC_LITERAL_CONVERSION = YES;
				CLANG_WARN_OBJC_ROOT_CLASS = YES_ERROR;
				CLANG_WARN_RANGE_LOOP_ANALYSIS = YES;
				CLANG_WARN_STRICT_PROTOTYPES = YES;
				CLANG_WARN_SUSPICIOUS_MOVE = YES;
				CLANG_WARN_UNGUARDED_AVAILABILITY = YES_AGGRESSIVE;
				CLANG_WARN_UNREACHABLE_CODE = YES;
				CLANG_WARN__DUPLICATE_METHOD_MATCH = YES;
				CODE_SIGN_IDENTITY = "iPhone Developer";
				COPY_PHASE_STRIP = NO;
				DEBUG_INFORMATION_FORMAT = dwarf;
				ENABLE_STRICT_OBJC_MSGSEND = YES;
				ENABLE_TESTABILITY = YES;
				GCC_C_LANGUAGE_STANDARD = gnu11;
				GCC_DYNAMIC_NO_PIC = NO;
				GCC_NO_COMMON_BLOCKS = YES;
				GCC_OPTIMIZATION_LEVEL = 0;
				GCC_PREPROCESSOR_DEFINITIONS = (
					"DEBUG=1",
					"$(inherited)",
				);
				GCC_WARN_64_TO_32_BIT_CONVERSION = YES;
				GCC_WARN_ABOUT_RETURN_TYPE = YES_ERROR;
				GCC_WARN_UNDECLARED_SELECTOR = YES;
				GCC_WARN_UNINITIALIZED_AUTOS = YES_AGGRESSIVE;
				GCC_WARN_UNUSED_FUNCTION = YES;
				GCC_WARN_UNUSED_VARIABLE = YES;
				IPHONEOS_DEPLOYMENT_TARGET = 11.4;
				MTL_ENABLE_DEBUG_INFO = YES;
				ONLY_ACTIVE_ARCH = YES;
				SDKROOT = iphoneos;
				SWIFT_ACTIVE_COMPILATION_CONDITIONS = DEBUG;
				SWIFT_OPTIMIZATION_LEVEL = "-Onone";
			};
			name = Debug;
		};
		326E8845215860BA0090C18C /* Release */ = {
			isa = XCBuildConfiguration;
			buildSettings = {
				ALWAYS_SEARCH_USER_PATHS = NO;
				CLANG_ANALYZER_NONNULL = YES;
				CLANG_ANALYZER_NUMBER_OBJECT_CONVERSION = YES_AGGRESSIVE;
				CLANG_CXX_LANGUAGE_STANDARD = "gnu++14";
				CLANG_CXX_LIBRARY = "libc++";
				CLANG_ENABLE_MODULES = YES;
				CLANG_ENABLE_OBJC_ARC = YES;
				CLANG_ENABLE_OBJC_WEAK = YES;
				CLANG_WARN_BLOCK_CAPTURE_AUTORELEASING = YES;
				CLANG_WARN_BOOL_CONVERSION = YES;
				CLANG_WARN_COMMA = YES;
				CLANG_WARN_CONSTANT_CONVERSION = YES;
				CLANG_WARN_DEPRECATED_OBJC_IMPLEMENTATIONS = YES;
				CLANG_WARN_DIRECT_OBJC_ISA_USAGE = YES_ERROR;
				CLANG_WARN_DOCUMENTATION_COMMENTS = YES;
				CLANG_WARN_EMPTY_BODY = YES;
				CLANG_WARN_ENUM_CONVERSION = YES;
				CLANG_WARN_INFINITE_RECURSION = YES;
				CLANG_WARN_INT_CONVERSION = YES;
				CLANG_WARN_NON_LITERAL_NULL_CONVERSION = YES;
				CLANG_WARN_OBJC_IMPLICIT_RETAIN_SELF = YES;
				CLANG_WARN_OBJC_LITERAL_CONVERSION = YES;
				CLANG_WARN_OBJC_ROOT_CLASS = YES_ERROR;
				CLANG_WARN_RANGE_LOOP_ANALYSIS = YES;
				CLANG_WARN_STRICT_PROTOTYPES = YES;
				CLANG_WARN_SUSPICIOUS_MOVE = YES;
				CLANG_WARN_UNGUARDED_AVAILABILITY = YES_AGGRESSIVE;
				CLANG_WARN_UNREACHABLE_CODE = YES;
				CLANG_WARN__DUPLICATE_METHOD_MATCH = YES;
				CODE_SIGN_IDENTITY = "iPhone Developer";
				COPY_PHASE_STRIP = NO;
				DEBUG_INFORMATION_FORMAT = "dwarf-with-dsym";
				ENABLE_NS_ASSERTIONS = NO;
				ENABLE_STRICT_OBJC_MSGSEND = YES;
				GCC_C_LANGUAGE_STANDARD = gnu11;
				GCC_NO_COMMON_BLOCKS = YES;
				GCC_WARN_64_TO_32_BIT_CONVERSION = YES;
				GCC_WARN_ABOUT_RETURN_TYPE = YES_ERROR;
				GCC_WARN_UNDECLARED_SELECTOR = YES;
				GCC_WARN_UNINITIALIZED_AUTOS = YES_AGGRESSIVE;
				GCC_WARN_UNUSED_FUNCTION = YES;
				GCC_WARN_UNUSED_VARIABLE = YES;
				IPHONEOS_DEPLOYMENT_TARGET = 11.4;
				MTL_ENABLE_DEBUG_INFO = NO;
				SDKROOT = iphoneos;
				SWIFT_COMPILATION_MODE = wholemodule;
				SWIFT_OPTIMIZATION_LEVEL = "-O";
				VALIDATE_PRODUCT = YES;
			};
			name = Release;
		};
		326E8847215860BA0090C18C /* Debug */ = {
			isa = XCBuildConfiguration;
			buildSettings = {
				ASSETCATALOG_COMPILER_APPICON_NAME = AppIcon;
				CODE_SIGN_STYLE = Manual;
				DEVELOPMENT_TEAM = "";
				INFOPLIST_FILE = Homepwner/Info.plist;
				IPHONEOS_DEPLOYMENT_TARGET = 10.0;
				LD_RUNPATH_SEARCH_PATHS = (
					"$(inherited)",
					"@executable_path/Frameworks",
				);
				PRODUCT_BUNDLE_IDENTIFIER = sb.Homepwner;
				PRODUCT_NAME = "$(TARGET_NAME)";
				PROVISIONING_PROFILE_SPECIFIER = "";
				SWIFT_VERSION = 5.0;
				TARGETED_DEVICE_FAMILY = "1,2";
			};
			name = Debug;
		};
		326E8848215860BA0090C18C /* Release */ = {
			isa = XCBuildConfiguration;
			buildSettings = {
				ASSETCATALOG_COMPILER_APPICON_NAME = AppIcon;
				CODE_SIGN_STYLE = Manual;
				DEVELOPMENT_TEAM = "";
				INFOPLIST_FILE = Homepwner/Info.plist;
				IPHONEOS_DEPLOYMENT_TARGET = 10.0;
				LD_RUNPATH_SEARCH_PATHS = (
					"$(inherited)",
					"@executable_path/Frameworks",
				);
				PRODUCT_BUNDLE_IDENTIFIER = sb.Homepwner;
				PRODUCT_NAME = "$(TARGET_NAME)";
				PROVISIONING_PROFILE_SPECIFIER = "";
				SWIFT_VERSION = 5.0;
				TARGETED_DEVICE_FAMILY = "1,2";
			};
			name = Release;
		};
		326E884A215860BA0090C18C /* Debug */ = {
			isa = XCBuildConfiguration;
			buildSettings = {
				ALWAYS_EMBED_SWIFT_STANDARD_LIBRARIES = YES;
				BUNDLE_LOADER = "$(TEST_HOST)";
				CODE_SIGN_STYLE = Automatic;
				INFOPLIST_FILE = HomepwnerTests/Info.plist;
				LD_RUNPATH_SEARCH_PATHS = (
					"$(inherited)",
					"@executable_path/Frameworks",
					"@loader_path/Frameworks",
				);
				PRODUCT_BUNDLE_IDENTIFIER = sb.HomepwnerTests;
				PRODUCT_NAME = "$(TARGET_NAME)";
				SWIFT_VERSION = 5.0;
				TARGETED_DEVICE_FAMILY = "1,2";
				TEST_HOST = "$(BUILT_PRODUCTS_DIR)/Homepwner.app/Homepwner";
			};
			name = Debug;
		};
		326E884B215860BA0090C18C /* Release */ = {
			isa = XCBuildConfiguration;
			buildSettings = {
				ALWAYS_EMBED_SWIFT_STANDARD_LIBRARIES = YES;
				BUNDLE_LOADER = "$(TEST_HOST)";
				CODE_SIGN_STYLE = Automatic;
				INFOPLIST_FILE = HomepwnerTests/Info.plist;
				LD_RUNPATH_SEARCH_PATHS = (
					"$(inherited)",
					"@executable_path/Frameworks",
					"@loader_path/Frameworks",
				);
				PRODUCT_BUNDLE_IDENTIFIER = sb.HomepwnerTests;
				PRODUCT_NAME = "$(TARGET_NAME)";
				SWIFT_VERSION = 5.0;
				TARGETED_DEVICE_FAMILY = "1,2";
				TEST_HOST = "$(BUILT_PRODUCTS_DIR)/Homepwner.app/Homepwner";
			};
			name = Release;
		};
		326E884D215860BA0090C18C /* Debug */ = {
			isa = XCBuildConfiguration;
			buildSettings = {
				ALWAYS_EMBED_SWIFT_STANDARD_LIBRARIES = YES;
				CODE_SIGN_STYLE = Automatic;
				INFOPLIST_FILE = HomepwnerUITests/Info.plist;
				LD_RUNPATH_SEARCH_PATHS = (
					"$(inherited)",
					"@executable_path/Frameworks",
					"@loader_path/Frameworks",
				);
				PRODUCT_BUNDLE_IDENTIFIER = sb.HomepwnerUITests;
				PRODUCT_NAME = "$(TARGET_NAME)";
				SWIFT_VERSION = 5.0;
				TARGETED_DEVICE_FAMILY = "1,2";
				TEST_TARGET_NAME = Homepwner;
			};
			name = Debug;
		};
		326E884E215860BA0090C18C /* Release */ = {
			isa = XCBuildConfiguration;
			buildSettings = {
				ALWAYS_EMBED_SWIFT_STANDARD_LIBRARIES = YES;
				CODE_SIGN_STYLE = Automatic;
				INFOPLIST_FILE = HomepwnerUITests/Info.plist;
				LD_RUNPATH_SEARCH_PATHS = (
					"$(inherited)",
					"@executable_path/Frameworks",
					"@loader_path/Frameworks",
				);
				PRODUCT_BUNDLE_IDENTIFIER = sb.HomepwnerUITests;
				PRODUCT_NAME = "$(TARGET_NAME)";
				SWIFT_VERSION = 5.0;
				TARGETED_DEVICE_FAMILY = "1,2";
				TEST_TARGET_NAME = Homepwner;
			};
			name = Release;
		};
/* End XCBuildConfiguration section */

/* Begin XCConfigurationList section */
		326E8819215860B90090C18C /* Build configuration list for PBXProject "Homepwner" */ = {
			isa = XCConfigurationList;
			buildConfigurations = (
				326E8844215860BA0090C18C /* Debug */,
				326E8845215860BA0090C18C /* Release */,
			);
			defaultConfigurationIsVisible = 0;
			defaultConfigurationName = Release;
		};
		326E8846215860BA0090C18C /* Build configuration list for PBXNativeTarget "Homepwner" */ = {
			isa = XCConfigurationList;
			buildConfigurations = (
				326E8847215860BA0090C18C /* Debug */,
				326E8848215860BA0090C18C /* Release */,
			);
			defaultConfigurationIsVisible = 0;
			defaultConfigurationName = Release;
		};
		326E8849215860BA0090C18C /* Build configuration list for PBXNativeTarget "HomepwnerTests" */ = {
			isa = XCConfigurationList;
			buildConfigurations = (
				326E884A215860BA0090C18C /* Debug */,
				326E884B215860BA0090C18C /* Release */,
			);
			defaultConfigurationIsVisible = 0;
			defaultConfigurationName = Release;
		};
		326E884C215860BA0090C18C /* Build configuration list for PBXNativeTarget "HomepwnerUITests" */ = {
			isa = XCConfigurationList;
			buildConfigurations = (
				326E884D215860BA0090C18C /* Debug */,
				326E884E215860BA0090C18C /* Release */,
			);
			defaultConfigurationIsVisible = 0;
			defaultConfigurationName = Release;
		};
/* End XCConfigurationList section */
	};
	rootObject = 326E8816215860B90090C18C /* Project object */;
}
